# This file is automatically @generated by Cargo.
# It is not intended for manual editing.
version = 4

[[package]]
name = "main"
version = "0.1.0"
dependencies = [
 "modular",
]

[[package]]
name = "modular"
version = "1.0.0"
source = "registry+https://github.com/rust-lang/crates.io-index"
checksum = "9c2b869408c1be1a4bb10a04220876741ff86dce5b616306ec59ee65fa69c171"
